// !$*UTF8*$!
{
	archiveVersion = 1;
	classes = {
	};
	objectVersion = 46;
	objects = {

/* Begin PBXBuildFile section */
		3B1B8AF61F55107C00CAC3EE /* ContainerVC.m in Sources */ = {isa = PBXBuildFile; fileRef = 3B1B8AF51F55107C00CAC3EE /* ContainerVC.m */; };
		3B33AC7D1F59449E00ACDADC /* SideMenu.m in Sources */ = {isa = PBXBuildFile; fileRef = 3B33AC7C1F59449E00ACDADC /* SideMenu.m */; };
		3B33AC861F595D6000ACDADC /* OverlayViewController.m in Sources */ = {isa = PBXBuildFile; fileRef = 3B33AC851F595D6000ACDADC /* OverlayViewController.m */; };
		3B6829F41F5EABFA00C892B3 /* Database.m in Sources */ = {isa = PBXBuildFile; fileRef = 3B6829F31F5EABFA00C892B3 /* Database.m */; };
		3BA70DCD1F53C71C00AC7217 /* main.m in Sources */ = {isa = PBXBuildFile; fileRef = 3BA70DCC1F53C71C00AC7217 /* main.m */; };
		3BA70DD01F53C71C00AC7217 /* AppDelegate.m in Sources */ = {isa = PBXBuildFile; fileRef = 3BA70DCF1F53C71C00AC7217 /* AppDelegate.m */; };
		3BA70DD61F53C71C00AC7217 /* Main.storyboard in Resources */ = {isa = PBXBuildFile; fileRef = 3BA70DD41F53C71C00AC7217 /* Main.storyboard */; };
		3BA70DD91F53C71C00AC7217 /* Notes.xcdatamodeld in Sources */ = {isa = PBXBuildFile; fileRef = 3BA70DD71F53C71C00AC7217 /* Notes.xcdatamodeld */; };
		3BA70DDB1F53C71C00AC7217 /* Assets.xcassets in Resources */ = {isa = PBXBuildFile; fileRef = 3BA70DDA1F53C71C00AC7217 /* Assets.xcassets */; };
		3BA70DDE1F53C71C00AC7217 /* LaunchScreen.storyboard in Resources */ = {isa = PBXBuildFile; fileRef = 3BA70DDC1F53C71C00AC7217 /* LaunchScreen.storyboard */; };
		3BA70E101F53C8D900AC7217 /* MasterTableViewController.m in Sources */ = {isa = PBXBuildFile; fileRef = 3BA70E0F1F53C8D900AC7217 /* MasterTableViewController.m */; };
		3BA70E131F53CA9800AC7217 /* DetailViewController.m in Sources */ = {isa = PBXBuildFile; fileRef = 3BA70E121F53CA9800AC7217 /* DetailViewController.m */; };
		3BF16F7C1F56C8F7008092F9 /* NoteTableViewCell.m in Sources */ = {isa = PBXBuildFile; fileRef = 3BF16F7B1F56C8F7008092F9 /* NoteTableViewCell.m */; };
/* End PBXBuildFile section */

/* Begin PBXFileReference section */
		3B1B8AF41F55107C00CAC3EE /* ContainerVC.h */ = {isa = PBXFileReference; fileEncoding = 4; lastKnownFileType = sourcecode.c.h; path = ContainerVC.h; sourceTree = "<group>"; };
		3B1B8AF51F55107C00CAC3EE /* ContainerVC.m */ = {isa = PBXFileReference; fileEncoding = 4; lastKnownFileType = sourcecode.c.objc; path = ContainerVC.m; sourceTree = "<group>"; };
		3B33AC7B1F59449E00ACDADC /* SideMenu.h */ = {isa = PBXFileReference; fileEncoding = 4; lastKnownFileType = sourcecode.c.h; path = SideMenu.h; sourceTree = "<group>"; };
		3B33AC7C1F59449E00ACDADC /* SideMenu.m */ = {isa = PBXFileReference; fileEncoding = 4; lastKnownFileType = sourcecode.c.objc; path = SideMenu.m; sourceTree = "<group>"; };
		3B33AC841F595D6000ACDADC /* OverlayViewController.h */ = {isa = PBXFileReference; fileEncoding = 4; lastKnownFileType = sourcecode.c.h; name = OverlayViewController.h; path = ../OverlayViewController.h; sourceTree = "<group>"; };
		3B33AC851F595D6000ACDADC /* OverlayViewController.m */ = {isa = PBXFileReference; fileEncoding = 4; lastKnownFileType = sourcecode.c.objc; name = OverlayViewController.m; path = ../OverlayViewController.m; sourceTree = "<group>"; };
		3B6829F21F5EABFA00C892B3 /* Database.h */ = {isa = PBXFileReference; fileEncoding = 4; lastKnownFileType = sourcecode.c.h; path = Database.h; sourceTree = "<group>"; };
		3B6829F31F5EABFA00C892B3 /* Database.m */ = {isa = PBXFileReference; fileEncoding = 4; lastKnownFileType = sourcecode.c.objc; path = Database.m; sourceTree = "<group>"; };
		3BA70DC81F53C71C00AC7217 /* Notes.app */ = {isa = PBXFileReference; explicitFileType = wrapper.application; includeInIndex = 0; path = Notes.app; sourceTree = BUILT_PRODUCTS_DIR; };
		3BA70DCC1F53C71C00AC7217 /* main.m */ = {isa = PBXFileReference; lastKnownFileType = sourcecode.c.objc; path = main.m; sourceTree = "<group>"; };
		3BA70DCE1F53C71C00AC7217 /* AppDelegate.h */ = {isa = PBXFileReference; lastKnownFileType = sourcecode.c.h; path = AppDelegate.h; sourceTree = "<group>"; };
		3BA70DCF1F53C71C00AC7217 /* AppDelegate.m */ = {isa = PBXFileReference; lastKnownFileType = sourcecode.c.objc; path = AppDelegate.m; sourceTree = "<group>"; };
		3BA70DD51F53C71C00AC7217 /* Base */ = {isa = PBXFileReference; lastKnownFileType = file.storyboard; name = Base; path = Base.lproj/Main.storyboard; sourceTree = "<group>"; };
		3BA70DD81F53C71C00AC7217 /* Notes.xcdatamodel */ = {isa = PBXFileReference; lastKnownFileType = wrapper.xcdatamodel; path = Notes.xcdatamodel; sourceTree = "<group>"; };
		3BA70DDA1F53C71C00AC7217 /* Assets.xcassets */ = {isa = PBXFileReference; lastKnownFileType = folder.assetcatalog; path = Assets.xcassets; sourceTree = "<group>"; };
		3BA70DDD1F53C71C00AC7217 /* Base */ = {isa = PBXFileReference; lastKnownFileType = file.storyboard; name = Base; path = Base.lproj/LaunchScreen.storyboard; sourceTree = "<group>"; };
		3BA70DDF1F53C71C00AC7217 /* Info.plist */ = {isa = PBXFileReference; lastKnownFileType = text.plist.xml; path = Info.plist; sourceTree = "<group>"; };
		3BA70E0E1F53C8D900AC7217 /* MasterTableViewController.h */ = {isa = PBXFileReference; fileEncoding = 4; lastKnownFileType = sourcecode.c.h; path = MasterTableViewController.h; sourceTree = "<group>"; };
		3BA70E0F1F53C8D900AC7217 /* MasterTableViewController.m */ = {isa = PBXFileReference; fileEncoding = 4; lastKnownFileType = sourcecode.c.objc; path = MasterTableViewController.m; sourceTree = "<group>"; };
		3BA70E111F53CA9800AC7217 /* DetailViewController.h */ = {isa = PBXFileReference; fileEncoding = 4; lastKnownFileType = sourcecode.c.h; path = DetailViewController.h; sourceTree = "<group>"; };
		3BA70E121F53CA9800AC7217 /* DetailViewController.m */ = {isa = PBXFileReference; fileEncoding = 4; lastKnownFileType = sourcecode.c.objc; path = DetailViewController.m; sourceTree = "<group>"; };
		3BF16F7A1F56C8F7008092F9 /* NoteTableViewCell.h */ = {isa = PBXFileReference; fileEncoding = 4; lastKnownFileType = sourcecode.c.h; path = NoteTableViewCell.h; sourceTree = "<group>"; };
		3BF16F7B1F56C8F7008092F9 /* NoteTableViewCell.m */ = {isa = PBXFileReference; fileEncoding = 4; lastKnownFileType = sourcecode.c.objc; path = NoteTableViewCell.m; sourceTree = "<group>"; };
/* End PBXFileReference section */

/* Begin PBXFrameworksBuildPhase section */
		3BA70DC51F53C71C00AC7217 /* Frameworks */ = {
			isa = PBXFrameworksBuildPhase;
			buildActionMask = 2147483647;
			files = (
			);
			runOnlyForDeploymentPostprocessing = 0;
		};
/* End PBXFrameworksBuildPhase section */

/* Begin PBXGroup section */
		3B1B8AF31F550A8600CAC3EE /* Controller */ = {
			isa = PBXGroup;
			children = (
				3B1B8AF41F55107C00CAC3EE /* ContainerVC.h */,
				3B1B8AF51F55107C00CAC3EE /* ContainerVC.m */,
				3BA70E0E1F53C8D900AC7217 /* MasterTableViewController.h */,
				3BA70E0F1F53C8D900AC7217 /* MasterTableViewController.m */,
				3BA70E111F53CA9800AC7217 /* DetailViewController.h */,
				3BA70E121F53CA9800AC7217 /* DetailViewController.m */,
				3B33AC7B1F59449E00ACDADC /* SideMenu.h */,
				3B33AC7C1F59449E00ACDADC /* SideMenu.m */,
				3B33AC841F595D6000ACDADC /* OverlayViewController.h */,
				3B33AC851F595D6000ACDADC /* OverlayViewController.m */,
			);
			name = Controller;
			sourceTree = "<group>";
		};
		3B6829CA1F5E7CF000C892B3 /* View */ = {
			isa = PBXGroup;
			children = (
				3BF16F7A1F56C8F7008092F9 /* NoteTableViewCell.h */,
				3BF16F7B1F56C8F7008092F9 /* NoteTableViewCell.m */,
				3BA70DD41F53C71C00AC7217 /* Main.storyboard */,
				3BA70DDC1F53C71C00AC7217 /* LaunchScreen.storyboard */,
			);
			name = View;
			sourceTree = "<group>";
		};
		3B6829CB1F5E7D3B00C892B3 /* Model */ = {
			isa = PBXGroup;
			children = (
				3B6829F21F5EABFA00C892B3 /* Database.h */,
				3B6829F31F5EABFA00C892B3 /* Database.m */,
				3BA70DD71F53C71C00AC7217 /* Notes.xcdatamodeld */,
			);
			name = Model;
			sourceTree = "<group>";
		};
		3BA70DBF1F53C71C00AC7217 = {
			isa = PBXGroup;
			children = (
				3BA70DCA1F53C71C00AC7217 /* Notes */,
				3BA70DC91F53C71C00AC7217 /* Products */,
			);
			sourceTree = "<group>";
		};
		3BA70DC91F53C71C00AC7217 /* Products */ = {
			isa = PBXGroup;
			children = (
				3BA70DC81F53C71C00AC7217 /* Notes.app */,
			);
			name = Products;
			sourceTree = "<group>";
		};
		3BA70DCA1F53C71C00AC7217 /* Notes */ = {
			isa = PBXGroup;
			children = (
				3BA70DCE1F53C71C00AC7217 /* AppDelegate.h */,
				3BA70DCF1F53C71C00AC7217 /* AppDelegate.m */,
				3B6829CB1F5E7D3B00C892B3 /* Model */,
				3B1B8AF31F550A8600CAC3EE /* Controller */,
				3B6829CA1F5E7CF000C892B3 /* View */,
				3BA70DCB1F53C71C00AC7217 /* Supporting Files */,
			);
			path = Notes;
			sourceTree = "<group>";
		};
		3BA70DCB1F53C71C00AC7217 /* Supporting Files */ = {
			isa = PBXGroup;
			children = (
				3BA70DDA1F53C71C00AC7217 /* Assets.xcassets */,
				3BA70DDF1F53C71C00AC7217 /* Info.plist */,
				3BA70DCC1F53C71C00AC7217 /* main.m */,
			);
			name = "Supporting Files";
			sourceTree = "<group>";
		};
/* End PBXGroup section */

/* Begin PBXNativeTarget section */
		3BA70DC71F53C71C00AC7217 /* Notes */ = {
			isa = PBXNativeTarget;
			buildConfigurationList = 3BA70DE21F53C71C00AC7217 /* Build configuration list for PBXNativeTarget "Notes" */;
			buildPhases = (
				3BA70DC41F53C71C00AC7217 /* Sources */,
				3BA70DC51F53C71C00AC7217 /* Frameworks */,
				3BA70DC61F53C71C00AC7217 /* Resources */,
			);
			buildRules = (
			);
			dependencies = (
			);
			name = Notes;
			productName = Notes;
			productReference = 3BA70DC81F53C71C00AC7217 /* Notes.app */;
			productType = "com.apple.product-type.application";
		};
/* End PBXNativeTarget section */

/* Begin PBXProject section */
		3BA70DC01F53C71C00AC7217 /* Project object */ = {
			isa = PBXProject;
			attributes = {
				LastUpgradeCheck = 0830;
				ORGANIZATIONNAME = "Chung Tran";
				TargetAttributes = {
					3BA70DC71F53C71C00AC7217 = {
						CreatedOnToolsVersion = 8.3.3;
						DevelopmentTeam = SU254TBSN7;
						ProvisioningStyle = Automatic;
					};
				};
			};
			buildConfigurationList = 3BA70DC31F53C71C00AC7217 /* Build configuration list for PBXProject "Notes" */;
			compatibilityVersion = "Xcode 3.2";
			developmentRegion = English;
			hasScannedForEncodings = 0;
			knownRegions = (
				en,
				Base,
			);
			mainGroup = 3BA70DBF1F53C71C00AC7217;
			productRefGroup = 3BA70DC91F53C71C00AC7217 /* Products */;
			projectDirPath = "";
			projectRoot = "";
			targets = (
				3BA70DC71F53C71C00AC7217 /* Notes */,
			);
		};
/* End PBXProject section */

/* Begin PBXResourcesBuildPhase section */
		3BA70DC61F53C71C00AC7217 /* Resources */ = {
			isa = PBXResourcesBuildPhase;
			buildActionMask = 2147483647;
			files = (
				3BA70DDE1F53C71C00AC7217 /* LaunchScreen.storyboard in Resources */,
				3BA70DDB1F53C71C00AC7217 /* Assets.xcassets in Resources */,
				3BA70DD61F53C71C00AC7217 /* Main.storyboard in Resources */,
			);
			runOnlyForDeploymentPostprocessing = 0;
		};
/* End PBXResourcesBuildPhase section */

/* Begin PBXSourcesBuildPhase section */
		3BA70DC41F53C71C00AC7217 /* Sources */ = {
			isa = PBXSourcesBuildPhase;
			buildActionMask = 2147483647;
			files = (
				3B1B8AF61F55107C00CAC3EE /* ContainerVC.m in Sources */,
				3B33AC7D1F59449E00ACDADC /* SideMenu.m in Sources */,
				3BA70E101F53C8D900AC7217 /* MasterTableViewController.m in Sources */,
				3BF16F7C1F56C8F7008092F9 /* NoteTableViewCell.m in Sources */,
				3B33AC861F595D6000ACDADC /* OverlayViewController.m in Sources */,
				3BA70DD01F53C71C00AC7217 /* AppDelegate.m in Sources */,
				3B6829F41F5EABFA00C892B3 /* Database.m in Sources */,
				3BA70DCD1F53C71C00AC7217 /* main.m in Sources */,
				3BA70DD91F53C71C00AC7217 /* Notes.xcdatamodeld in Sources */,
				3BA70E131F53CA9800AC7217 /* DetailViewController.m in Sources */,
			);
			runOnlyForDeploymentPostprocessing = 0;
		};
/* End PBXSourcesBuildPhase section */

/* Begin PBXVariantGroup section */
		3BA70DD41F53C71C00AC7217 /* Main.storyboard */ = {
			isa = PBXVariantGroup;
			children = (
				3BA70DD51F53C71C00AC7217 /* Base */,
			);
			name = Main.storyboard;
			sourceTree = "<group>";
		};
		3BA70DDC1F53C71C00AC7217 /* LaunchScreen.storyboard */ = {
			isa = PBXVariantGroup;
			children = (
				3BA70DDD1F53C71C00AC7217 /* Base */,
			);
			name = LaunchScreen.storyboard;
			sourceTree = "<group>";
		};
/* End PBXVariantGroup section */

/* Begin XCBuildConfiguration section */
		3BA70DE01F53C71C00AC7217 /* Debug */ = {
			isa = XCBuildConfiguration;
			buildSettings = {
				ALWAYS_SEARCH_USER_PATHS = NO;
				CLANG_ANALYZER_NONNULL = YES;
				CLANG_ANALYZER_NUMBER_OBJECT_CONVERSION = YES_AGGRESSIVE;
				CLANG_CXX_LANGUAGE_STANDARD = "gnu++0x";
				CLANG_CXX_LIBRARY = "libc++";
				CLANG_ENABLE_MODULES = YES;
				CLANG_ENABLE_OBJC_ARC = YES;
				CLANG_WARN_BOOL_CONVERSION = YES;
				CLANG_WARN_CONSTANT_CONVERSION = YES;
				CLANG_WARN_DIRECT_OBJC_ISA_USAGE = YES_ERROR;
				CLANG_WARN_DOCUMENTATION_COMMENTS = YES;
				CLANG_WARN_EMPTY_BODY = YES;
				CLANG_WARN_ENUM_CONVERSION = YES;
				CLANG_WARN_INFINITE_RECURSION = YES;
				CLANG_WARN_INT_CONVERSION = YES;
				CLANG_WARN_OBJC_ROOT_CLASS = YES_ERROR;
				CLANG_WARN_SUSPICIOUS_MOVE = YES;
				CLANG_WARN_UNREACHABLE_CODE = YES;
				CLANG_WARN__DUPLICATE_METHOD_MATCH = YES;
				"CODE_SIGN_IDENTITY[sdk=iphoneos*]" = "iPhone Developer";
				COPY_PHASE_STRIP = NO;
				DEBUG_INFORMATION_FORMAT = dwarf;
				ENABLE_STRICT_OBJC_MSGSEND = YES;
				ENABLE_TESTABILITY = YES;
				GCC_C_LANGUAGE_STANDARD = gnu99;
				GCC_DYNAMIC_NO_PIC = NO;
				GCC_NO_COMMON_BLOCKS = YES;
				GCC_OPTIMIZATION_LEVEL = 0;
				GCC_PREPROCESSOR_DEFINITIONS = (
					"DEBUG=1",
					"$(inherited)",
				);
				GCC_WARN_64_TO_32_BIT_CONVERSION = YES;
				GCC_WARN_ABOUT_RETURN_TYPE = YES_ERROR;
				GCC_WARN_UNDECLARED_SELECTOR = YES;
				GCC_WARN_UNINITIALIZED_AUTOS = YES_AGGRESSIVE;
				GCC_WARN_UNUSED_FUNCTION = YES;
				GCC_WARN_UNUSED_VARIABLE = YES;
				IPHONEOS_DEPLOYMENT_TARGET = 10.3;
				MTL_ENABLE_DEBUG_INFO = YES;
				ONLY_ACTIVE_ARCH = YES;
				SDKROOT = iphoneos;
			};
			name = Debug;
		};
		3BA70DE11F53C71C00AC7217 /* Release */ = {
			isa = XCBuildConfiguration;
			buildSettings = {
				ALWAYS_SEARCH_USER_PATHS = NO;
				CLANG_ANALYZER_NONNULL = YES;
				CLANG_ANALYZER_NUMBER_OBJECT_CONVERSION = YES_AGGRESSIVE;
				CLANG_CXX_LANGUAGE_STANDARD = "gnu++0x";
				CLANG_CXX_LIBRARY = "libc++";
				CLANG_ENABLE_MODULES = YES;
				CLANG_ENABLE_OBJC_ARC = YES;
				CLANG_WARN_BOOL_CONVERSION = YES;
				CLANG_WARN_CONSTANT_CONVERSION = YES;
				CLANG_WARN_DIRECT_OBJC_ISA_USAGE = YES_ERROR;
				CLANG_WARN_DOCUMENTATION_COMMENTS = YES;
				CLANG_WARN_EMPTY_BODY = YES;
				CLANG_WARN_ENUM_CONVERSION = YES;
				CLANG_WARN_INFINITE_RECURSION = YES;
				CLANG_WARN_INT_CONVERSION = YES;
				CLANG_WARN_OBJC_ROOT_CLASS = YES_ERROR;
				CLANG_WARN_SUSPICIOUS_MOVE = YES;
				CLANG_WARN_UNREACHABLE_CODE = YES;
				CLANG_WARN__DUPLICATE_METHOD_MATCH = YES;
				"CODE_SIGN_IDENTITY[sdk=iphoneos*]" = "iPhone Developer";
				COPY_PHASE_STRIP = NO;
				DEBUG_INFORMATION_FORMAT = "dwarf-with-dsym";
				ENABLE_NS_ASSERTIONS = NO;
				ENABLE_STRICT_OBJC_MSGSEND = YES;
				GCC_C_LANGUAGE_STANDARD = gnu99;
				GCC_NO_COMMON_BLOCKS = YES;
				GCC_WARN_64_TO_32_BIT_CONVERSION = YES;
				GCC_WARN_ABOUT_RETURN_TYPE = YES_ERROR;
				GCC_WARN_UNDECLARED_SELECTOR = YES;
				GCC_WARN_UNINITIALIZED_AUTOS = YES_AGGRESSIVE;
				GCC_WARN_UNUSED_FUNCTION = YES;
				GCC_WARN_UNUSED_VARIABLE = YES;
				IPHONEOS_DEPLOYMENT_TARGET = 10.3;
				MTL_ENABLE_DEBUG_INFO = NO;
				SDKROOT = iphoneos;
				VALIDATE_PRODUCT = YES;
			};
			name = Release;
		};
		3BA70DE31F53C71C00AC7217 /* Debug */ = {
			isa = XCBuildConfiguration;
			buildSettings = {
				ASSETCATALOG_COMPILER_APPICON_NAME = AppIcon;
				DEVELOPMENT_TEAM = SU254TBSN7;
				INFOPLIST_FILE = Notes/Info.plist;
				IPHONEOS_DEPLOYMENT_TARGET = 8.1;
				LD_RUNPATH_SEARCH_PATHS = "$(inherited) @executable_path/Frameworks";
				PRODUCT_BUNDLE_IDENTIFIER = io.tadi.Notes;
				PRODUCT_NAME = "$(TARGET_NAME)";
			};
			name = Debug;
		};
		3BA70DE41F53C71C00AC7217 /* Release */ = {
			isa = XCBuildConfiguration;
			buildSettings = {
				ASSETCATALOG_COMPILER_APPICON_NAME = AppIcon;
				DEVELOPMENT_TEAM = SU254TBSN7;
				INFOPLIST_FILE = Notes/Info.plist;
				IPHONEOS_DEPLOYMENT_TARGET = 8.1;
				LD_RUNPATH_SEARCH_PATHS = "$(inherited) @executable_path/Frameworks";
				PRODUCT_BUNDLE_IDENTIFIER = io.tadi.Notes;
				PRODUCT_NAME = "$(TARGET_NAME)";
			};
			name = Release;
		};
/* End XCBuildConfiguration section */

/* Begin XCConfigurationList section */
		3BA70DC31F53C71C00AC7217 /* Build configuration list for PBXProject "Notes" */ = {
			isa = XCConfigurationList;
			buildConfigurations = (
				3BA70DE01F53C71C00AC7217 /* Debug */,
				3BA70DE11F53C71C00AC7217 /* Release */,
			);
			defaultConfigurationIsVisible = 0;
			defaultConfigurationName = Release;
		};
		3BA70DE21F53C71C00AC7217 /* Build configuration list for PBXNativeTarget "Notes" */ = {
			isa = XCConfigurationList;
			buildConfigurations = (
				3BA70DE31F53C71C00AC7217 /* Debug */,
				3BA70DE41F53C71C00AC7217 /* Release */,
			);
			defaultConfigurationIsVisible = 0;
			defaultConfigurationName = Release;
		};
/* End XCConfigurationList section */

/* Begin XCVersionGroup section */
		3BA70DD71F53C71C00AC7217 /* Notes.xcdatamodeld */ = {
			isa = XCVersionGroup;
			children = (
				3BA70DD81F53C71C00AC7217 /* Notes.xcdatamodel */,
			);
			currentVersion = 3BA70DD81F53C71C00AC7217 /* Notes.xcdatamodel */;
			path = Notes.xcdatamodeld;
			sourceTree = "<group>";
			versionGroupType = wrapper.xcdatamodel;
		};
/* End XCVersionGroup section */
	};
	rootObject = 3BA70DC01F53C71C00AC7217 /* Project object */;
}
